Microsoft Visual Studio Solution File, Format Version 12.00
# Visual Studio Version 17
VisualStudioVersion = 17.5.2.0
MinimumVisualStudioVersion = 10.0.40219.1
Project("{FAE04EC0-301F-11D3-BF4B-00C04F79EFBC}") = "ProgettoParte1", "ProgettoParte1.csproj", "{FC45FFA5-334A-0E65-F59F-EBD69861E7C2}"
EndProject
Global
	GlobalSection(SolutionConfigurationPlatforms) = preSolution
		Debug|Any CPU = Debug|Any CPU
		Release|Any CPU = Release|Any CPU
	EndGlobalSection
	GlobalSection(ProjectConfigurationPlatforms) = postSolution
		{FC45FFA5-334A-0E65-F59F-EBD69861E7C2}.Debug|Any CPU.ActiveCfg = Debug|Any CPU
		{FC45FFA5-334A-0E65-F59F-EBD69861E7C2}.Debug|Any CPU.Build.0 = Debug|Any CPU
		{FC45FFA5-334A-0E65-F59F-EBD69861E7C2}.Release|Any CPU.ActiveCfg = Release|Any CPU
		{FC45FFA5-334A-0E65-F59F-EBD69861E7C2}.Release|Any CPU.Build.0 = Release|Any CPU
	EndGlobalSection
	GlobalSection(SolutionProperties) = preSolution
		HideSolutionNode = FALSE
	EndGlobalSection
	GlobalSection(ExtensibilityGlobals) = postSolution
		SolutionGuid = {6CF688D4-89B2-415B-B3B2-7D0057C0AF98}
	EndGlobalSection
EndGlobal
